
Microsoft Visual Studio Solution File, Format Version 12.00
# Visual Studio Version 17
VisualStudioVersion = 17.0.31903.59
MinimumVisualStudioVersion = 10.0.40219.1
Project("{FAE04EC0-301F-11D3-BF4B-00C04F79EFBC}") = "ExemploFundamentos.Common", "ExemploFundamentos.Common\ExemploFundamentos.Common.csproj", "{D3F111FC-E303-435E-96AF-3A6D2F1FC4B2}"
EndProject
Project("{FAE04EC0-301F-11D3-BF4B-00C04F79EFBC}") = "ExemploFundamentos", "ExemploFundamentos.csproj", "{0969D4D7-E788-4AD6-8FDC-F8BF29E19F11}"
EndProject
Global
	GlobalSection(SolutionConfigurationPlatforms) = preSolution
		Debug|Any CPU = Debug|Any CPU
		Release|Any CPU = Release|Any CPU
	EndGlobalSection
	GlobalSection(SolutionProperties) = preSolution
		HideSolutionNode = FALSE
	EndGlobalSection
	GlobalSection(ProjectConfigurationPlatforms) = postSolution
		{D3F111FC-E303-435E-96AF-3A6D2F1FC4B2}.Debug|Any CPU.ActiveCfg = Debug|Any CPU
		{D3F111FC-E303-435E-96AF-3A6D2F1FC4B2}.Debug|Any CPU.Build.0 = Debug|Any CPU
		{D3F111FC-E303-435E-96AF-3A6D2F1FC4B2}.Release|Any CPU.ActiveCfg = Release|Any CPU
		{D3F111FC-E303-435E-96AF-3A6D2F1FC4B2}.Release|Any CPU.Build.0 = Release|Any CPU
		{0969D4D7-E788-4AD6-8FDC-F8BF29E19F11}.Debug|Any CPU.ActiveCfg = Debug|Any CPU
		{0969D4D7-E788-4AD6-8FDC-F8BF29E19F11}.Debug|Any CPU.Build.0 = Debug|Any CPU
		{0969D4D7-E788-4AD6-8FDC-F8BF29E19F11}.Release|Any CPU.ActiveCfg = Release|Any CPU
		{0969D4D7-E788-4AD6-8FDC-F8BF29E19F11}.Release|Any CPU.Build.0 = Release|Any CPU
	EndGlobalSection
EndGlobal
