
Microsoft Visual Studio Solution File, Format Version 12.00
# Visual Studio Version 17
VisualStudioVersion = 17.5.002.0
MinimumVisualStudioVersion = 10.0.40219.1
Project("{9A19103F-16F7-4668-BE54-9A1E7A4F7556}") = "ModuloAPI", "ModuloAPI.csproj", "{138C2551-8C1D-423E-A335-3A9B7BBE3B0D}"
EndProject
Global
	GlobalSection(SolutionConfigurationPlatforms) = preSolution
		Debug|Any CPU = Debug|Any CPU
		Release|Any CPU = Release|Any CPU
	EndGlobalSection
	GlobalSection(ProjectConfigurationPlatforms) = postSolution
		{138C2551-8C1D-423E-A335-3A9B7BBE3B0D}.Debug|Any CPU.ActiveCfg = Debug|Any CPU
		{138C2551-8C1D-423E-A335-3A9B7BBE3B0D}.Debug|Any CPU.Build.0 = Debug|Any CPU
		{138C2551-8C1D-423E-A335-3A9B7BBE3B0D}.Release|Any CPU.ActiveCfg = Release|Any CPU
		{138C2551-8C1D-423E-A335-3A9B7BBE3B0D}.Release|Any CPU.Build.0 = Release|Any CPU
	EndGlobalSection
	GlobalSection(SolutionProperties) = preSolution
		HideSolutionNode = FALSE
	EndGlobalSection
	GlobalSection(ExtensibilityGlobals) = postSolution
		SolutionGuid = {BFEE74AE-6D61-4BC3-9BD2-9891E1213001}
	EndGlobalSection
EndGlobal
